
Microsoft Visual Studio Solution File, Format Version 12.00
# Visual Studio 14
VisualStudioVersion = 14.0.25420.1
MinimumVisualStudioVersion = 10.0.40219.1
Project("{FAE04EC0-301F-11D3-BF4B-00C04F79EFBC}") = "ConsoleView", "ConsoleView\ConsoleView.csproj", "{7E5A42C5-68E8-4672-9B80-5B11A3756E77}"
EndProject
Project("{FAE04EC0-301F-11D3-BF4B-00C04F79EFBC}") = "Modelo", "Modelo\Modelo.csproj", "{A87BCAF9-9B66-4222-8D04-8BD1A0C3C48B}"
EndProject
Project("{FAE04EC0-301F-11D3-BF4B-00C04F79EFBC}") = "Controllers", "Controllers\Controllers.csproj", "{56E2D823-1AC4-4B31-B4A5-CB5E59D387B0}"
EndProject
Project("{FAE04EC0-301F-11D3-BF4B-00C04F79EFBC}") = "WindowsFormView", "WindowsFormView\WindowsFormView.csproj", "{8BE27C74-584B-461F-9757-A9F297A5A839}"
EndProject
Global
	GlobalSection(SolutionConfigurationPlatforms) = preSolution
		Debug|Any CPU = Debug|Any CPU
		Release|Any CPU = Release|Any CPU
	EndGlobalSection
	GlobalSection(ProjectConfigurationPlatforms) = postSolution
		{7E5A42C5-68E8-4672-9B80-5B11A3756E77}.Debug|Any CPU.ActiveCfg = Debug|Any CPU
		{7E5A42C5-68E8-4672-9B80-5B11A3756E77}.Debug|Any CPU.Build.0 = Debug|Any CPU
		{7E5A42C5-68E8-4672-9B80-5B11A3756E77}.Release|Any CPU.ActiveCfg = Release|Any CPU
		{7E5A42C5-68E8-4672-9B80-5B11A3756E77}.Release|Any CPU.Build.0 = Release|Any CPU
		{A87BCAF9-9B66-4222-8D04-8BD1A0C3C48B}.Debug|Any CPU.ActiveCfg = Debug|Any CPU
		{A87BCAF9-9B66-4222-8D04-8BD1A0C3C48B}.Debug|Any CPU.Build.0 = Debug|Any CPU
		{A87BCAF9-9B66-4222-8D04-8BD1A0C3C48B}.Release|Any CPU.ActiveCfg = Release|Any CPU
		{A87BCAF9-9B66-4222-8D04-8BD1A0C3C48B}.Release|Any CPU.Build.0 = Release|Any CPU
		{56E2D823-1AC4-4B31-B4A5-CB5E59D387B0}.Debug|Any CPU.ActiveCfg = Debug|Any CPU
		{56E2D823-1AC4-4B31-B4A5-CB5E59D387B0}.Debug|Any CPU.Build.0 = Debug|Any CPU
		{56E2D823-1AC4-4B31-B4A5-CB5E59D387B0}.Release|Any CPU.ActiveCfg = Release|Any CPU
		{56E2D823-1AC4-4B31-B4A5-CB5E59D387B0}.Release|Any CPU.Build.0 = Release|Any CPU
		{8BE27C74-584B-461F-9757-A9F297A5A839}.Debug|Any CPU.ActiveCfg = Debug|Any CPU
		{8BE27C74-584B-461F-9757-A9F297A5A839}.Debug|Any CPU.Build.0 = Debug|Any CPU
		{8BE27C74-584B-461F-9757-A9F297A5A839}.Release|Any CPU.ActiveCfg = Release|Any CPU
		{8BE27C74-584B-461F-9757-A9F297A5A839}.Release|Any CPU.Build.0 = Release|Any CPU
	EndGlobalSection
	GlobalSection(SolutionProperties) = preSolution
		HideSolutionNode = FALSE
	EndGlobalSection
EndGlobal
